
Microsoft Visual Studio Solution File, Format Version 12.00
# Visual Studio Version 17
VisualStudioVersion = 17.5.33530.505
MinimumVisualStudioVersion = 10.0.40219.1
Project("{9A19103F-16F7-4668-BE54-9A1E7A4F7556}") = "FakeStore.API", "FakeStore.API\FakeStore.API.csproj", "{424ED6A8-5D18-4B0C-A819-AEC444FCE8BB}"
EndProject
Project("{9A19103F-16F7-4668-BE54-9A1E7A4F7556}") = "FakeStore.Business", "FakeStore.Core\FakeStore.Business.csproj", "{3CADB669-FB91-4615-81E4-14D36BED3549}"
EndProject
Project("{9A19103F-16F7-4668-BE54-9A1E7A4F7556}") = "FakeStore.DataAccess", "FakeStore.Infrastructure\FakeStore.DataAccess.csproj", "{0DF0887C-D7BC-458B-861C-6A65A9B46248}"
EndProject
Project("{2150E333-8FDC-42A3-9474-1A3956D46DE8}") = "src", "src", "{80CEC9A0-9EE8-4E5E-B0B6-192AFFF24979}"
EndProject
Project("{2150E333-8FDC-42A3-9474-1A3956D46DE8}") = "tests", "tests", "{35BD86D6-DA91-4417-9C71-A5172B9B1CC7}"
EndProject
Global
	GlobalSection(SolutionConfigurationPlatforms) = preSolution
		Debug|Any CPU = Debug|Any CPU
		Release|Any CPU = Release|Any CPU
	EndGlobalSection
	GlobalSection(ProjectConfigurationPlatforms) = postSolution
		{424ED6A8-5D18-4B0C-A819-AEC444FCE8BB}.Debug|Any CPU.ActiveCfg = Debug|Any CPU
		{424ED6A8-5D18-4B0C-A819-AEC444FCE8BB}.Debug|Any CPU.Build.0 = Debug|Any CPU
		{424ED6A8-5D18-4B0C-A819-AEC444FCE8BB}.Release|Any CPU.ActiveCfg = Release|Any CPU
		{424ED6A8-5D18-4B0C-A819-AEC444FCE8BB}.Release|Any CPU.Build.0 = Release|Any CPU
		{3CADB669-FB91-4615-81E4-14D36BED3549}.Debug|Any CPU.ActiveCfg = Debug|Any CPU
		{3CADB669-FB91-4615-81E4-14D36BED3549}.Debug|Any CPU.Build.0 = Debug|Any CPU
		{3CADB669-FB91-4615-81E4-14D36BED3549}.Release|Any CPU.ActiveCfg = Release|Any CPU
		{3CADB669-FB91-4615-81E4-14D36BED3549}.Release|Any CPU.Build.0 = Release|Any CPU
		{0DF0887C-D7BC-458B-861C-6A65A9B46248}.Debug|Any CPU.ActiveCfg = Debug|Any CPU
		{0DF0887C-D7BC-458B-861C-6A65A9B46248}.Debug|Any CPU.Build.0 = Debug|Any CPU
		{0DF0887C-D7BC-458B-861C-6A65A9B46248}.Release|Any CPU.ActiveCfg = Release|Any CPU
		{0DF0887C-D7BC-458B-861C-6A65A9B46248}.Release|Any CPU.Build.0 = Release|Any CPU
	EndGlobalSection
	GlobalSection(SolutionProperties) = preSolution
		HideSolutionNode = FALSE
	EndGlobalSection
	GlobalSection(NestedProjects) = preSolution
		{424ED6A8-5D18-4B0C-A819-AEC444FCE8BB} = {80CEC9A0-9EE8-4E5E-B0B6-192AFFF24979}
		{3CADB669-FB91-4615-81E4-14D36BED3549} = {80CEC9A0-9EE8-4E5E-B0B6-192AFFF24979}
		{0DF0887C-D7BC-458B-861C-6A65A9B46248} = {80CEC9A0-9EE8-4E5E-B0B6-192AFFF24979}
	EndGlobalSection
	GlobalSection(ExtensibilityGlobals) = postSolution
		SolutionGuid = {44FB755E-DE34-42DD-BA38-A8D80E7EC898}
	EndGlobalSection
EndGlobal
